
Microsoft Visual Studio Solution File, Format Version 12.00
# Visual Studio 2013
VisualStudioVersion = 12.0.31101.0
MinimumVisualStudioVersion = 10.0.40219.1
Project("{FAE04EC0-301F-11D3-BF4B-00C04F79EFBC}") = "PatientData", "PatientData\PatientData.csproj", "{8CD9DACE-A40F-45A0-9685-6202B8CBE365}"
EndProject
Project("{FAE04EC0-301F-11D3-BF4B-00C04F79EFBC}") = "CorsClient", "CorsClient\CorsClient.csproj", "{E637558A-638A-422E-A210-D2712564896E}"
EndProject
Project("{FAE04EC0-301F-11D3-BF4B-00C04F79EFBC}") = "Spa", "Spa\Spa.csproj", "{36618B3F-4ADB-448E-96D3-857682172EF6}"
EndProject
Global
	GlobalSection(SolutionConfigurationPlatforms) = preSolution
		Debug|Any CPU = Debug|Any CPU
		Release|Any CPU = Release|Any CPU
	EndGlobalSection
	GlobalSection(ProjectConfigurationPlatforms) = postSolution
		{8CD9DACE-A40F-45A0-9685-6202B8CBE365}.Debug|Any CPU.ActiveCfg = Debug|Any CPU
		{8CD9DACE-A40F-45A0-9685-6202B8CBE365}.Debug|Any CPU.Build.0 = Debug|Any CPU
		{8CD9DACE-A40F-45A0-9685-6202B8CBE365}.Release|Any CPU.ActiveCfg = Release|Any CPU
		{8CD9DACE-A40F-45A0-9685-6202B8CBE365}.Release|Any CPU.Build.0 = Release|Any CPU
		{E637558A-638A-422E-A210-D2712564896E}.Debug|Any CPU.ActiveCfg = Debug|Any CPU
		{E637558A-638A-422E-A210-D2712564896E}.Debug|Any CPU.Build.0 = Debug|Any CPU
		{E637558A-638A-422E-A210-D2712564896E}.Release|Any CPU.ActiveCfg = Release|Any CPU
		{E637558A-638A-422E-A210-D2712564896E}.Release|Any CPU.Build.0 = Release|Any CPU
		{36618B3F-4ADB-448E-96D3-857682172EF6}.Debug|Any CPU.ActiveCfg = Debug|Any CPU
		{36618B3F-4ADB-448E-96D3-857682172EF6}.Debug|Any CPU.Build.0 = Debug|Any CPU
		{36618B3F-4ADB-448E-96D3-857682172EF6}.Release|Any CPU.ActiveCfg = Release|Any CPU
		{36618B3F-4ADB-448E-96D3-857682172EF6}.Release|Any CPU.Build.0 = Release|Any CPU
	EndGlobalSection
	GlobalSection(SolutionProperties) = preSolution
		HideSolutionNode = FALSE
	EndGlobalSection
EndGlobal
